
Microsoft Visual Studio Solution File, Format Version 12.00
# Visual Studio Version 17
VisualStudioVersion = 17.10.35122.118
MinimumVisualStudioVersion = 10.0.40219.1
Project("{FAE04EC0-301F-11D3-BF4B-00C04F79EFBC}") = "TrainingProjectAPI", "TrainingProjectAPI.csproj", "{8C7FA368-979E-423F-88F9-1FF02A601038}"
EndProject
Global
	GlobalSection(SolutionConfigurationPlatforms) = preSolution
		Debug|Any CPU = Debug|Any CPU
		Release|Any CPU = Release|Any CPU
	EndGlobalSection
	GlobalSection(ProjectConfigurationPlatforms) = postSolution
		{8C7FA368-979E-423F-88F9-1FF02A601038}.Debug|Any CPU.ActiveCfg = Debug|Any CPU
		{8C7FA368-979E-423F-88F9-1FF02A601038}.Debug|Any CPU.Build.0 = Debug|Any CPU
		{8C7FA368-979E-423F-88F9-1FF02A601038}.Release|Any CPU.ActiveCfg = Release|Any CPU
		{8C7FA368-979E-423F-88F9-1FF02A601038}.Release|Any CPU.Build.0 = Release|Any CPU
	EndGlobalSection
	GlobalSection(SolutionProperties) = preSolution
		HideSolutionNode = FALSE
	EndGlobalSection
	GlobalSection(ExtensibilityGlobals) = postSolution
		SolutionGuid = {91756494-9CE0-4B66-BA87-21F4A6A2DD96}
	EndGlobalSection
EndGlobal
